github.com/edwardtanguay/gotools v1.1.0 h1:PsQywxwNkqoD4I4q2AC8LFrp7GULm5mSFU+sNZTKKoA=
github.com/edwardtanguay/gotools v1.1.0/go.mod h1:yqDfqUF41OlzOfPn39ns93it3TuhYwnf6ICZi9w6ETE=
github.com/edwardtanguay/gotools v1.2.0 h1:Yle7yBIO03z/W/glte5yw2yTaPGTPJsXK81J+2mUcHM=
github.com/edwardtanguay/gotools v1.2.0/go.mod h1:yqDfqUF41OlzOfPn39ns93it3TuhYwnf6ICZi9w6ETE=
github.com/edwardtanguay/gotools v1.3.0 h1:3dCO9EE8/9Zmws0BbsHDH4FXCqQySTeIs+yYk4pkuTA=
github.com/edwardtanguay/gotools v1.3.0/go.mod h1:yqDfqUF41OlzOfPn39ns93it3TuhYwnf6ICZi9w6ETE=
